// !$*UTF8*$!
{
	archiveVersion = 1;
	classes = {
	};
	objectVersion = 46;
	objects = {

/* Begin PBXBuildFile section */
		9B213F381F2E2DCC00EB3F96 /* main.m in Sources */ = {isa = PBXBuildFile; fileRef = 9B213F371F2E2DCC00EB3F96 /* main.m */; };
		9B213F3B1F2E2DCC00EB3F96 /* AppDelegate.m in Sources */ = {isa = PBXBuildFile; fileRef = 9B213F3A1F2E2DCC00EB3F96 /* AppDelegate.m */; };
		9B213F3E1F2E2DCC00EB3F96 /* ViewController.m in Sources */ = {isa = PBXBuildFile; fileRef = 9B213F3D1F2E2DCC00EB3F96 /* ViewController.m */; };
		9B213F411F2E2DCC00EB3F96 /* Main.storyboard in Resources */ = {isa = PBXBuildFile; fileRef = 9B213F3F1F2E2DCC00EB3F96 /* Main.storyboard */; };
		9B213F431F2E2DCC00EB3F96 /* Assets.xcassets in Resources */ = {isa = PBXBuildFile; fileRef = 9B213F421F2E2DCC00EB3F96 /* Assets.xcassets */; };
		9B213F461F2E2DCC00EB3F96 /* LaunchScreen.storyboard in Resources */ = {isa = PBXBuildFile; fileRef = 9B213F441F2E2DCC00EB3F96 /* LaunchScreen.storyboard */; };
		9B213F501F2E2DF300EB3F96 /* Reachability.m in Sources */ = {isa = PBXBuildFile; fileRef = 9B213F4F1F2E2DF300EB3F96 /* Reachability.m */; settings = {COMPILER_FLAGS = "-fno-objc-arc"; }; };
		9B213F531F2E2E0900EB3F96 /* ILERNetworkCheck.m in Sources */ = {isa = PBXBuildFile; fileRef = 9B213F521F2E2E0900EB3F96 /* ILERNetworkCheck.m */; };
/* End PBXBuildFile section */

/* Begin PBXFileReference section */
		9B213F331F2E2DCC00EB3F96 /* networkCheck_demo.app */ = {isa = PBXFileReference; explicitFileType = wrapper.application; includeInIndex = 0; path = networkCheck_demo.app; sourceTree = BUILT_PRODUCTS_DIR; };
		9B213F371F2E2DCC00EB3F96 /* main.m */ = {isa = PBXFileReference; lastKnownFileType = sourcecode.c.objc; path = main.m; sourceTree = "<group>"; };
		9B213F391F2E2DCC00EB3F96 /* AppDelegate.h */ = {isa = PBXFileReference; lastKnownFileType = sourcecode.c.h; path = AppDelegate.h; sourceTree = "<group>"; };
		9B213F3A1F2E2DCC00EB3F96 /* AppDelegate.m */ = {isa = PBXFileReference; lastKnownFileType = sourcecode.c.objc; path = AppDelegate.m; sourceTree = "<group>"; };
		9B213F3C1F2E2DCC00EB3F96 /* ViewController.h */ = {isa = PBXFileReference; lastKnownFileType = sourcecode.c.h; path = ViewController.h; sourceTree = "<group>"; };
		9B213F3D1F2E2DCC00EB3F96 /* ViewController.m */ = {isa = PBXFileReference; lastKnownFileType = sourcecode.c.objc; path = ViewController.m; sourceTree = "<group>"; };
		9B213F401F2E2DCC00EB3F96 /* Base */ = {isa = PBXFileReference; lastKnownFileType = file.storyboard; name = Base; path = Base.lproj/Main.storyboard; sourceTree = "<group>"; };
		9B213F421F2E2DCC00EB3F96 /* Assets.xcassets */ = {isa = PBXFileReference; lastKnownFileType = folder.assetcatalog; path = Assets.xcassets; sourceTree = "<group>"; };
		9B213F451F2E2DCC00EB3F96 /* Base */ = {isa = PBXFileReference; lastKnownFileType = file.storyboard; name = Base; path = Base.lproj/LaunchScreen.storyboard; sourceTree = "<group>"; };
		9B213F471F2E2DCC00EB3F96 /* Info.plist */ = {isa = PBXFileReference; lastKnownFileType = text.plist.xml; path = Info.plist; sourceTree = "<group>"; };
		9B213F4E1F2E2DF300EB3F96 /* Reachability.h */ = {isa = PBXFileReference; fileEncoding = 4; lastKnownFileType = sourcecode.c.h; path = Reachability.h; sourceTree = "<group>"; };
		9B213F4F1F2E2DF300EB3F96 /* Reachability.m */ = {isa = PBXFileReference; fileEncoding = 4; lastKnownFileType = sourcecode.c.objc; path = Reachability.m; sourceTree = "<group>"; };
		9B213F511F2E2E0900EB3F96 /* ILERNetworkCheck.h */ = {isa = PBXFileReference; fileEncoding = 4; lastKnownFileType = sourcecode.c.h; path = ILERNetworkCheck.h; sourceTree = "<group>"; };
		9B213F521F2E2E0900EB3F96 /* ILERNetworkCheck.m */ = {isa = PBXFileReference; fileEncoding = 4; lastKnownFileType = sourcecode.c.objc; path = ILERNetworkCheck.m; sourceTree = "<group>"; };
/* End PBXFileReference section */

/* Begin PBXFrameworksBuildPhase section */
		9B213F301F2E2DCC00EB3F96 /* Frameworks */ = {
			isa = PBXFrameworksBuildPhase;
			buildActionMask = 2147483647;
			files = (
			);
			runOnlyForDeploymentPostprocessing = 0;
		};
/* End PBXFrameworksBuildPhase section */

/* Begin PBXGroup section */
		9B213F2A1F2E2DCC00EB3F96 = {
			isa = PBXGroup;
			children = (
				9B213F351F2E2DCC00EB3F96 /* networkCheck_demo */,
				9B213F341F2E2DCC00EB3F96 /* Products */,
			);
			sourceTree = "<group>";
		};
		9B213F341F2E2DCC00EB3F96 /* Products */ = {
			isa = PBXGroup;
			children = (
				9B213F331F2E2DCC00EB3F96 /* networkCheck_demo.app */,
			);
			name = Products;
			sourceTree = "<group>";
		};
		9B213F351F2E2DCC00EB3F96 /* networkCheck_demo */ = {
			isa = PBXGroup;
			children = (
				9B213F4D1F2E2DD400EB3F96 /* ILERNetworkCheck */,
				9B213F391F2E2DCC00EB3F96 /* AppDelegate.h */,
				9B213F3A1F2E2DCC00EB3F96 /* AppDelegate.m */,
				9B213F3C1F2E2DCC00EB3F96 /* ViewController.h */,
				9B213F3D1F2E2DCC00EB3F96 /* ViewController.m */,
				9B213F3F1F2E2DCC00EB3F96 /* Main.storyboard */,
				9B213F421F2E2DCC00EB3F96 /* Assets.xcassets */,
				9B213F441F2E2DCC00EB3F96 /* LaunchScreen.storyboard */,
				9B213F471F2E2DCC00EB3F96 /* Info.plist */,
				9B213F361F2E2DCC00EB3F96 /* Supporting Files */,
			);
			path = networkCheck_demo;
			sourceTree = "<group>";
		};
		9B213F361F2E2DCC00EB3F96 /* Supporting Files */ = {
			isa = PBXGroup;
			children = (
				9B213F371F2E2DCC00EB3F96 /* main.m */,
			);
			name = "Supporting Files";
			sourceTree = "<group>";
		};
		9B213F4D1F2E2DD400EB3F96 /* ILERNetworkCheck */ = {
			isa = PBXGroup;
			children = (
				9B213F511F2E2E0900EB3F96 /* ILERNetworkCheck.h */,
				9B213F521F2E2E0900EB3F96 /* ILERNetworkCheck.m */,
				9B213F4E1F2E2DF300EB3F96 /* Reachability.h */,
				9B213F4F1F2E2DF300EB3F96 /* Reachability.m */,
			);
			name = ILERNetworkCheck;
			sourceTree = "<group>";
		};
/* End PBXGroup section */

/* Begin PBXNativeTarget section */
		9B213F321F2E2DCC00EB3F96 /* networkCheck_demo */ = {
			isa = PBXNativeTarget;
			buildConfigurationList = 9B213F4A1F2E2DCC00EB3F96 /* Build configuration list for PBXNativeTarget "networkCheck_demo" */;
			buildPhases = (
				9B213F2F1F2E2DCC00EB3F96 /* Sources */,
				9B213F301F2E2DCC00EB3F96 /* Frameworks */,
				9B213F311F2E2DCC00EB3F96 /* Resources */,
			);
			buildRules = (
			);
			dependencies = (
			);
			name = networkCheck_demo;
			productName = networkCheck_demo;
			productReference = 9B213F331F2E2DCC00EB3F96 /* networkCheck_demo.app */;
			productType = "com.apple.product-type.application";
		};
/* End PBXNativeTarget section */

/* Begin PBXProject section */
		9B213F2B1F2E2DCC00EB3F96 /* Project object */ = {
			isa = PBXProject;
			attributes = {
				LastUpgradeCheck = 0830;
				ORGANIZATIONNAME = jianxin.li;
				TargetAttributes = {
					9B213F321F2E2DCC00EB3F96 = {
						CreatedOnToolsVersion = 8.3.3;
						ProvisioningStyle = Automatic;
					};
				};
			};
			buildConfigurationList = 9B213F2E1F2E2DCC00EB3F96 /* Build configuration list for PBXProject "networkCheck_demo" */;
			compatibilityVersion = "Xcode 3.2";
			developmentRegion = English;
			hasScannedForEncodings = 0;
			knownRegions = (
				en,
				Base,
			);
			mainGroup = 9B213F2A1F2E2DCC00EB3F96;
			productRefGroup = 9B213F341F2E2DCC00EB3F96 /* Products */;
			projectDirPath = "";
			projectRoot = "";
			targets = (
				9B213F321F2E2DCC00EB3F96 /* networkCheck_demo */,
			);
		};
/* End PBXProject section */

/* Begin PBXResourcesBuildPhase section */
		9B213F311F2E2DCC00EB3F96 /* Resources */ = {
			isa = PBXResourcesBuildPhase;
			buildActionMask = 2147483647;
			files = (
				9B213F461F2E2DCC00EB3F96 /* LaunchScreen.storyboard in Resources */,
				9B213F431F2E2DCC00EB3F96 /* Assets.xcassets in Resources */,
				9B213F411F2E2DCC00EB3F96 /* Main.storyboard in Resources */,
			);
			runOnlyForDeploymentPostprocessing = 0;
		};
/* End PBXResourcesBuildPhase section */

/* Begin PBXSourcesBuildPhase section */
		9B213F2F1F2E2DCC00EB3F96 /* Sources */ = {
			isa = PBXSourcesBuildPhase;
			buildActionMask = 2147483647;
			files = (
				9B213F3E1F2E2DCC00EB3F96 /* ViewController.m in Sources */,
				9B213F3B1F2E2DCC00EB3F96 /* AppDelegate.m in Sources */,
				9B213F531F2E2E0900EB3F96 /* ILERNetworkCheck.m in Sources */,
				9B213F501F2E2DF300EB3F96 /* Reachability.m in Sources */,
				9B213F381F2E2DCC00EB3F96 /* main.m in Sources */,
			);
			runOnlyForDeploymentPostprocessing = 0;
		};
/* End PBXSourcesBuildPhase section */

/* Begin PBXVariantGroup section */
		9B213F3F1F2E2DCC00EB3F96 /* Main.storyboard */ = {
			isa = PBXVariantGroup;
			children = (
				9B213F401F2E2DCC00EB3F96 /* Base */,
			);
			name = Main.storyboard;
			sourceTree = "<group>";
		};
		9B213F441F2E2DCC00EB3F96 /* LaunchScreen.storyboard */ = {
			isa = PBXVariantGroup;
			children = (
				9B213F451F2E2DCC00EB3F96 /* Base */,
			);
			name = LaunchScreen.storyboard;
			sourceTree = "<group>";
		};
/* End PBXVariantGroup section */

/* Begin XCBuildConfiguration section */
		9B213F481F2E2DCC00EB3F96 /* Debug */ = {
			isa = XCBuildConfiguration;
			buildSettings = {
				ALWAYS_SEARCH_USER_PATHS = NO;
				CLANG_ANALYZER_NONNULL = YES;
				CLANG_ANALYZER_NUMBER_OBJECT_CONVERSION = YES_AGGRESSIVE;
				CLANG_CXX_LANGUAGE_STANDARD = "gnu++0x";
				CLANG_CXX_LIBRARY = "libc++";
				CLANG_ENABLE_MODULES = YES;
				CLANG_ENABLE_OBJC_ARC = YES;
				CLANG_WARN_BOOL_CONVERSION = YES;
				CLANG_WARN_CONSTANT_CONVERSION = YES;
				CLANG_WARN_DIRECT_OBJC_ISA_USAGE = YES_ERROR;
				CLANG_WARN_DOCUMENTATION_COMMENTS = YES;
				CLANG_WARN_EMPTY_BODY = YES;
				CLANG_WARN_ENUM_CONVERSION = YES;
				CLANG_WARN_INFINITE_RECURSION = YES;
				CLANG_WARN_INT_CONVERSION = YES;
				CLANG_WARN_OBJC_ROOT_CLASS = YES_ERROR;
				CLANG_WARN_SUSPICIOUS_MOVE = YES;
				CLANG_WARN_UNREACHABLE_CODE = YES;
				CLANG_WARN__DUPLICATE_METHOD_MATCH = YES;
				"CODE_SIGN_IDENTITY[sdk=iphoneos*]" = "iPhone Developer";
				COPY_PHASE_STRIP = NO;
				DEBUG_INFORMATION_FORMAT = dwarf;
				ENABLE_STRICT_OBJC_MSGSEND = YES;
				ENABLE_TESTABILITY = YES;
				GCC_C_LANGUAGE_STANDARD = gnu99;
				GCC_DYNAMIC_NO_PIC = NO;
				GCC_NO_COMMON_BLOCKS = YES;
				GCC_OPTIMIZATION_LEVEL = 0;
				GCC_PREPROCESSOR_DEFINITIONS = (
					"DEBUG=1",
					"$(inherited)",
				);
				GCC_WARN_64_TO_32_BIT_CONVERSION = YES;
				GCC_WARN_ABOUT_RETURN_TYPE = YES_ERROR;
				GCC_WARN_UNDECLARED_SELECTOR = YES;
				GCC_WARN_UNINITIALIZED_AUTOS = YES_AGGRESSIVE;
				GCC_WARN_UNUSED_FUNCTION = YES;
				GCC_WARN_UNUSED_VARIABLE = YES;
				IPHONEOS_DEPLOYMENT_TARGET = 10.3;
				MTL_ENABLE_DEBUG_INFO = YES;
				ONLY_ACTIVE_ARCH = YES;
				SDKROOT = iphoneos;
				TARGETED_DEVICE_FAMILY = "1,2";
			};
			name = Debug;
		};
		9B213F491F2E2DCC00EB3F96 /* Release */ = {
			isa = XCBuildConfiguration;
			buildSettings = {
				ALWAYS_SEARCH_USER_PATHS = NO;
				CLANG_ANALYZER_NONNULL = YES;
				CLANG_ANALYZER_NUMBER_OBJECT_CONVERSION = YES_AGGRESSIVE;
				CLANG_CXX_LANGUAGE_STANDARD = "gnu++0x";
				CLANG_CXX_LIBRARY = "libc++";
				CLANG_ENABLE_MODULES = YES;
				CLANG_ENABLE_OBJC_ARC = YES;
				CLANG_WARN_BOOL_CONVERSION = YES;
				CLANG_WARN_CONSTANT_CONVERSION = YES;
				CLANG_WARN_DIRECT_OBJC_ISA_USAGE = YES_ERROR;
				CLANG_WARN_DOCUMENTATION_COMMENTS = YES;
				CLANG_WARN_EMPTY_BODY = YES;
				CLANG_WARN_ENUM_CONVERSION = YES;
				CLANG_WARN_INFINITE_RECURSION = YES;
				CLANG_WARN_INT_CONVERSION = YES;
				CLANG_WARN_OBJC_ROOT_CLASS = YES_ERROR;
				CLANG_WARN_SUSPICIOUS_MOVE = YES;
				CLANG_WARN_UNREACHABLE_CODE = YES;
				CLANG_WARN__DUPLICATE_METHOD_MATCH = YES;
				"CODE_SIGN_IDENTITY[sdk=iphoneos*]" = "iPhone Developer";
				COPY_PHASE_STRIP = NO;
				DEBUG_INFORMATION_FORMAT = "dwarf-with-dsym";
				ENABLE_NS_ASSERTIONS = NO;
				ENABLE_STRICT_OBJC_MSGSEND = YES;
				GCC_C_LANGUAGE_STANDARD = gnu99;
				GCC_NO_COMMON_BLOCKS = YES;
				GCC_WARN_64_TO_32_BIT_CONVERSION = YES;
				GCC_WARN_ABOUT_RETURN_TYPE = YES_ERROR;
				GCC_WARN_UNDECLARED_SELECTOR = YES;
				GCC_WARN_UNINITIALIZED_AUTOS = YES_AGGRESSIVE;
				GCC_WARN_UNUSED_FUNCTION = YES;
				GCC_WARN_UNUSED_VARIABLE = YES;
				IPHONEOS_DEPLOYMENT_TARGET = 10.3;
				MTL_ENABLE_DEBUG_INFO = NO;
				SDKROOT = iphoneos;
				TARGETED_DEVICE_FAMILY = "1,2";
				VALIDATE_PRODUCT = YES;
			};
			name = Release;
		};
		9B213F4B1F2E2DCC00EB3F96 /* Debug */ = {
			isa = XCBuildConfiguration;
			buildSettings = {
				ASSETCATALOG_COMPILER_APPICON_NAME = AppIcon;
				INFOPLIST_FILE = networkCheck_demo/Info.plist;
				LD_RUNPATH_SEARCH_PATHS = "$(inherited) @executable_path/Frameworks";
				PRODUCT_BUNDLE_IDENTIFIER = "com.l.networkCheck-demo";
				PRODUCT_NAME = "$(TARGET_NAME)";
			};
			name = Debug;
		};
		9B213F4C1F2E2DCC00EB3F96 /* Release */ = {
			isa = XCBuildConfiguration;
			buildSettings = {
				ASSETCATALOG_COMPILER_APPICON_NAME = AppIcon;
				INFOPLIST_FILE = networkCheck_demo/Info.plist;
				LD_RUNPATH_SEARCH_PATHS = "$(inherited) @executable_path/Frameworks";
				PRODUCT_BUNDLE_IDENTIFIER = "com.l.networkCheck-demo";
				PRODUCT_NAME = "$(TARGET_NAME)";
			};
			name = Release;
		};
/* End XCBuildConfiguration section */

/* Begin XCConfigurationList section */
		9B213F2E1F2E2DCC00EB3F96 /* Build configuration list for PBXProject "networkCheck_demo" */ = {
			isa = XCConfigurationList;
			buildConfigurations = (
				9B213F481F2E2DCC00EB3F96 /* Debug */,
				9B213F491F2E2DCC00EB3F96 /* Release */,
			);
			defaultConfigurationIsVisible = 0;
			defaultConfigurationName = Release;
		};
		9B213F4A1F2E2DCC00EB3F96 /* Build configuration list for PBXNativeTarget "networkCheck_demo" */ = {
			isa = XCConfigurationList;
			buildConfigurations = (
				9B213F4B1F2E2DCC00EB3F96 /* Debug */,
				9B213F4C1F2E2DCC00EB3F96 /* Release */,
			);
			defaultConfigurationIsVisible = 0;
		};
/* End XCConfigurationList section */
	};
	rootObject = 9B213F2B1F2E2DCC00EB3F96 /* Project object */;
}
